{
  "lockfileVersion": 1,
  "configVersion": 1,
  "workspaces": {
    "": {
      "name": "deepharness",
      "devDependencies": {
        "@types/bun": "1.3.12",
        "typescript": "6.0.3",
      },
    },
    "apps/gateway": {
      "name": "@deepharness/gateway",
      "version": "0.0.0",
    },
    "apps/worker": {
      "name": "@deepharness/worker",
      "version": "0.0.0",
    },
    "packages/vendor-capabilities": {
      "name": "@deepharness/vendor-capabilities",
      "version": "0.0.0",
    },
  },
  "packages": {
    "@deepharness/gateway": ["@deepharness/gateway@workspace:apps/gateway"],

    "@deepharness/vendor-capabilities": ["@deepharness/vendor-capabilities@workspace:packages/vendor-capabilities"],

    "@deepharness/worker": ["@deepharness/worker@workspace:apps/worker"],

    "@types/bun": ["@types/bun@1.3.12", "https://registry.npmmirror.com/@types/bun/-/bun-1.3.12.tgz", { "dependencies": { "bun-types": "1.3.12" } }, "sha512-DBv81elK+/VSwXHDlnH3Qduw+KxkTIWi7TXkAeh24zpi5l0B2kUg9Ga3tb4nJaPcOFswflgi/yAvMVBPrxMB+A=="],

    "@types/node": ["@types/node@26.1.1", "https://registry.npmmirror.com/@types/node/-/node-26.1.1.tgz", { "dependencies": { "undici-types": "~8.3.0" } }, "sha512-nxAkRSVkN1Y0JC1W8ky/fTfkGsMmcrRsbx+3XoZE+rMOX71kLYTV7fLXpqud1GpbpP5TuffXFqfX7fH2GgZREw=="],

    "bun-types": ["bun-types@1.3.12", "https://registry.npmmirror.com/bun-types/-/bun-types-1.3.12.tgz", { "dependencies": { "@types/node": "*" } }, "sha512-HqOLj5PoFajAQciOMRiIZGNoKxDJSr6qigAttOX40vJuSp6DN/CxWp9s3C1Xwm4oH7ybueITwiaOcWXoYVoRkA=="],

    "typescript": ["typescript@6.0.3", "https://registry.npmmirror.com/typescript/-/typescript-6.0.3.tgz", { "bin": { "tsc": "bin/tsc", "tsserver": "bin/tsserver" } }, "sha512-y2TvuxSZPDyQakkFRPZHKFm+KKVqIisdg9/CZwm9ftvKXLP8NRWj38/ODjNbr43SsoXqNuAisEf1GdCxqWcdBw=="],

    "undici-types": ["undici-types@8.3.0", "https://registry.npmmirror.com/undici-types/-/undici-types-8.3.0.tgz", {}, "sha512-j375ScV60dom+YkPFIfTLcOiPxkN/buHz5GobjLhixFuANaNs3C9l4GmrWqejgXWJ7BbJcFYpTEUkS1Ge8bpZQ=="],
  }
}
